
Microsoft Visual Studio Solution File, Format Version 12.00
# Visual Studio Version 17
VisualStudioVersion = 17.6.33829.357
MinimumVisualStudioVersion = 10.0.40219.1
Project("{FAE04EC0-301F-11D3-BF4B-00C04F79EFBC}") = "DXGS.Main", "DXGS\DXGS.Main\DXGS.Main.csproj", "{C7A567BE-3E1D-452E-8889-CAD09296288C}"
EndProject
Project("{FAE04EC0-301F-11D3-BF4B-00C04F79EFBC}") = "DXGS.Common", "DXGS\DXGS.Common\DXGS.Common.csproj", "{D701BE0C-E451-4865-BC57-76F4BA467D50}"
EndProject
Project("{FAE04EC0-301F-11D3-BF4B-00C04F79EFBC}") = "DXGS.Modules", "DXGS\DXGS.Modules\DXGS.Modules.csproj", "{C2075EE4-4ACE-4EBA-B3B9-FEF7E6EBA280}"
EndProject
Project("{FAE04EC0-301F-11D3-BF4B-00C04F79EFBC}") = "DXGS.Tests", "DXGS\DXGS.Tests\DXGS.Tests.csproj", "{A7228278-7460-41D6-A3E1-4F57FE937E81}"
EndProject
Global
	GlobalSection(SolutionConfigurationPlatforms) = preSolution
		Debug|Any CPU = Debug|Any CPU
		Release|Any CPU = Release|Any CPU
	EndGlobalSection
	GlobalSection(ProjectConfigurationPlatforms) = postSolution
		{C7A567BE-3E1D-452E-8889-CAD09296288C}.Debug|Any CPU.ActiveCfg = Debug|Any CPU
		{C7A567BE-3E1D-452E-8889-CAD09296288C}.Debug|Any CPU.Build.0 = Debug|Any CPU
		{C7A567BE-3E1D-452E-8889-CAD09296288C}.Release|Any CPU.ActiveCfg = Release|Any CPU
		{C7A567BE-3E1D-452E-8889-CAD09296288C}.Release|Any CPU.Build.0 = Release|Any CPU
		{D701BE0C-E451-4865-BC57-76F4BA467D50}.Debug|Any CPU.ActiveCfg = Debug|Any CPU
		{D701BE0C-E451-4865-BC57-76F4BA467D50}.Debug|Any CPU.Build.0 = Debug|Any CPU
		{D701BE0C-E451-4865-BC57-76F4BA467D50}.Release|Any CPU.ActiveCfg = Release|Any CPU
		{D701BE0C-E451-4865-BC57-76F4BA467D50}.Release|Any CPU.Build.0 = Release|Any CPU
		{C2075EE4-4ACE-4EBA-B3B9-FEF7E6EBA280}.Debug|Any CPU.ActiveCfg = Debug|Any CPU
		{C2075EE4-4ACE-4EBA-B3B9-FEF7E6EBA280}.Debug|Any CPU.Build.0 = Debug|Any CPU
		{C2075EE4-4ACE-4EBA-B3B9-FEF7E6EBA280}.Release|Any CPU.ActiveCfg = Release|Any CPU
		{C2075EE4-4ACE-4EBA-B3B9-FEF7E6EBA280}.Release|Any CPU.Build.0 = Release|Any CPU
		{A7228278-7460-41D6-A3E1-4F57FE937E81}.Debug|Any CPU.ActiveCfg = Debug|Any CPU
		{A7228278-7460-41D6-A3E1-4F57FE937E81}.Debug|Any CPU.Build.0 = Debug|Any CPU
		{A7228278-7460-41D6-A3E1-4F57FE937E81}.Release|Any CPU.ActiveCfg = Release|Any CPU
		{A7228278-7460-41D6-A3E1-4F57FE937E81}.Release|Any CPU.Build.0 = Release|Any CPU
	EndGlobalSection
	GlobalSection(SolutionProperties) = preSolution
		HideSolutionNode = FALSE
	EndGlobalSection
	GlobalSection(ExtensibilityGlobals) = postSolution
		SolutionGuid = {A1AD4694-4661-4B62-9350-E9DEEE24F836}
	EndGlobalSection
EndGlobal
